
Microsoft Visual Studio Solution File, Format Version 12.00
# Visual Studio Version 17
VisualStudioVersion = 17.13.35919.96 d17.13
MinimumVisualStudioVersion = 10.0.40219.1
Project("{FAE04EC0-301F-11D3-BF4B-00C04F79EFBC}") = "ShopBanHang", "ShopBanHang\ShopBanHang.csproj", "{64D6C8BA-8FF0-4D21-908A-8EB9D286AEB7}"
EndProject
Global
	GlobalSection(SolutionConfigurationPlatforms) = preSolution
		Debug|Any CPU = Debug|Any CPU
		Release|Any CPU = Release|Any CPU
	EndGlobalSection
	GlobalSection(ProjectConfigurationPlatforms) = postSolution
		{64D6C8BA-8FF0-4D21-908A-8EB9D286AEB7}.Debug|Any CPU.ActiveCfg = Debug|Any CPU
		{64D6C8BA-8FF0-4D21-908A-8EB9D286AEB7}.Debug|Any CPU.Build.0 = Debug|Any CPU
		{64D6C8BA-8FF0-4D21-908A-8EB9D286AEB7}.Release|Any CPU.ActiveCfg = Release|Any CPU
		{64D6C8BA-8FF0-4D21-908A-8EB9D286AEB7}.Release|Any CPU.Build.0 = Release|Any CPU
	EndGlobalSection
	GlobalSection(SolutionProperties) = preSolution
		HideSolutionNode = FALSE
	EndGlobalSection
	GlobalSection(ExtensibilityGlobals) = postSolution
		SolutionGuid = {FB8368F2-C401-4172-90CB-CAA2C266A787}
	EndGlobalSection
EndGlobal
